
Microsoft Visual Studio Solution File, Format Version 12.00
# Visual Studio Version 17
VisualStudioVersion = 17.4.32916.344
MinimumVisualStudioVersion = 10.0.40219.1
Project("{9A19103F-16F7-4668-BE54-9A1E7A4F7556}") = "StepFlow.CollectionsNodes", "CloudPoints\StepFlow.CollectionsNodes.csproj", "{2AA7F1A9-8233-46D4-B167-27472EBCE1A6}"
EndProject
Project("{9A19103F-16F7-4668-BE54-9A1E7A4F7556}") = "StepFlow.TimeLine", "TimeLine\StepFlow.TimeLine.csproj", "{BA310757-A0EA-4096-97A0-FD90102C21F5}"
EndProject
Project("{9A19103F-16F7-4668-BE54-9A1E7A4F7556}") = "StepFlow.Core", "Core\StepFlow.Core.csproj", "{C08C3B77-33A9-40B8-A712-7870D52A4E3E}"
EndProject
Project("{9A19103F-16F7-4668-BE54-9A1E7A4F7556}") = "StepFlow.View", "View\StepFlow.View.csproj", "{592F242C-CC7A-4C4E-BC1D-85BA668EBE51}"
EndProject
Project("{9A19103F-16F7-4668-BE54-9A1E7A4F7556}") = "StepFlow.ViewModel", "StepFlow.ViewModel\StepFlow.ViewModel.csproj", "{4E30DC9D-A167-4A68-969A-EA6C27AA5A32}"
EndProject
Project("{FAE04EC0-301F-11D3-BF4B-00C04F79EFBC}") = "StepFlow.Common", "StepFlow.Common\StepFlow.Common.csproj", "{7E1734BE-74F2-462A-AE5F-95A8931B2B30}"
EndProject
Global
	GlobalSection(SolutionConfigurationPlatforms) = preSolution
		Debug|Any CPU = Debug|Any CPU
		Release|Any CPU = Release|Any CPU
	EndGlobalSection
	GlobalSection(ProjectConfigurationPlatforms) = postSolution
		{2AA7F1A9-8233-46D4-B167-27472EBCE1A6}.Debug|Any CPU.ActiveCfg = Debug|Any CPU
		{2AA7F1A9-8233-46D4-B167-27472EBCE1A6}.Debug|Any CPU.Build.0 = Debug|Any CPU
		{2AA7F1A9-8233-46D4-B167-27472EBCE1A6}.Release|Any CPU.ActiveCfg = Release|Any CPU
		{2AA7F1A9-8233-46D4-B167-27472EBCE1A6}.Release|Any CPU.Build.0 = Release|Any CPU
		{BA310757-A0EA-4096-97A0-FD90102C21F5}.Debug|Any CPU.ActiveCfg = Debug|Any CPU
		{BA310757-A0EA-4096-97A0-FD90102C21F5}.Debug|Any CPU.Build.0 = Debug|Any CPU
		{BA310757-A0EA-4096-97A0-FD90102C21F5}.Release|Any CPU.ActiveCfg = Release|Any CPU
		{BA310757-A0EA-4096-97A0-FD90102C21F5}.Release|Any CPU.Build.0 = Release|Any CPU
		{C08C3B77-33A9-40B8-A712-7870D52A4E3E}.Debug|Any CPU.ActiveCfg = Debug|Any CPU
		{C08C3B77-33A9-40B8-A712-7870D52A4E3E}.Debug|Any CPU.Build.0 = Debug|Any CPU
		{C08C3B77-33A9-40B8-A712-7870D52A4E3E}.Release|Any CPU.ActiveCfg = Release|Any CPU
		{C08C3B77-33A9-40B8-A712-7870D52A4E3E}.Release|Any CPU.Build.0 = Release|Any CPU
		{592F242C-CC7A-4C4E-BC1D-85BA668EBE51}.Debug|Any CPU.ActiveCfg = Debug|Any CPU
		{592F242C-CC7A-4C4E-BC1D-85BA668EBE51}.Debug|Any CPU.Build.0 = Debug|Any CPU
		{592F242C-CC7A-4C4E-BC1D-85BA668EBE51}.Release|Any CPU.ActiveCfg = Release|Any CPU
		{592F242C-CC7A-4C4E-BC1D-85BA668EBE51}.Release|Any CPU.Build.0 = Release|Any CPU
		{4E30DC9D-A167-4A68-969A-EA6C27AA5A32}.Debug|Any CPU.ActiveCfg = Debug|Any CPU
		{4E30DC9D-A167-4A68-969A-EA6C27AA5A32}.Debug|Any CPU.Build.0 = Debug|Any CPU
		{4E30DC9D-A167-4A68-969A-EA6C27AA5A32}.Release|Any CPU.ActiveCfg = Release|Any CPU
		{4E30DC9D-A167-4A68-969A-EA6C27AA5A32}.Release|Any CPU.Build.0 = Release|Any CPU
		{7E1734BE-74F2-462A-AE5F-95A8931B2B30}.Debug|Any CPU.ActiveCfg = Debug|Any CPU
		{7E1734BE-74F2-462A-AE5F-95A8931B2B30}.Debug|Any CPU.Build.0 = Debug|Any CPU
		{7E1734BE-74F2-462A-AE5F-95A8931B2B30}.Release|Any CPU.ActiveCfg = Release|Any CPU
		{7E1734BE-74F2-462A-AE5F-95A8931B2B30}.Release|Any CPU.Build.0 = Release|Any CPU
	EndGlobalSection
	GlobalSection(SolutionProperties) = preSolution
		HideSolutionNode = FALSE
	EndGlobalSection
	GlobalSection(ExtensibilityGlobals) = postSolution
		SolutionGuid = {52553761-5033-48FA-B06E-D149C927B957}
	EndGlobalSection
EndGlobal
