
Microsoft Visual Studio Solution File, Format Version 12.00
# Visual Studio Version 17
VisualStudioVersion = 17.4.32916.344
MinimumVisualStudioVersion = 10.0.40219.1
Project("{2150E333-8FDC-42A3-9474-1A3956D46DE8}") = "src", "src", "{1F837992-33AA-4744-B791-90BB3FDC2D4E}"
EndProject
Project("{9A19103F-16F7-4668-BE54-9A1E7A4F7556}") = "StepFlow.CollectionsNodes", "src\StepFlow.CollectionsNodes\StepFlow.CollectionsNodes.csproj", "{3FC5446E-6BCE-4D85-9732-C1C4B68CF07C}"
EndProject
Project("{9A19103F-16F7-4668-BE54-9A1E7A4F7556}") = "StepFlow.Common", "src\StepFlow.Common\StepFlow.Common.csproj", "{BA277154-A66D-4C10-8E9E-62F7CB5204F7}"
EndProject
Project("{9A19103F-16F7-4668-BE54-9A1E7A4F7556}") = "StepFlow.Core", "src\StepFlow.Core\StepFlow.Core.csproj", "{2448598B-C9A1-414D-AA7E-06B9D495E32D}"
EndProject
Project("{9A19103F-16F7-4668-BE54-9A1E7A4F7556}") = "StepFlow.Layout", "src\StepFlow.Layout\StepFlow.Layout.csproj", "{4447C12F-CD9A-444A-A847-E436058891FB}"
EndProject
Project("{9A19103F-16F7-4668-BE54-9A1E7A4F7556}") = "StepFlow.TimeLine", "src\StepFlow.TimeLine\StepFlow.TimeLine.csproj", "{0C3C9043-DB6E-4B08-B9DB-11C72EFCF86E}"
EndProject
Project("{9A19103F-16F7-4668-BE54-9A1E7A4F7556}") = "StepFlow.View", "src\StepFlow.View\StepFlow.View.csproj", "{082DC7A9-71D6-4A4E-A1E9-15DF80D7C7E0}"
EndProject
Project("{9A19103F-16F7-4668-BE54-9A1E7A4F7556}") = "StepFlow.Master", "src\StepFlow.Master\StepFlow.Master.csproj", "{1D77BFA1-7DD5-4239-A55F-C748881666D1}"
EndProject
Project("{2150E333-8FDC-42A3-9474-1A3956D46DE8}") = "test", "test", "{02A612D4-2756-4509-8A1A-02FB900E5C4E}"
EndProject
Project("{9A19103F-16F7-4668-BE54-9A1E7A4F7556}") = "StepFlow.Performance.Test", "StepFlow.Performance.Test\StepFlow.Performance.Test.csproj", "{8D5BDE21-2B1B-4CC4-BDC6-ECD466789F0D}"
EndProject
Project("{9A19103F-16F7-4668-BE54-9A1E7A4F7556}") = "StepFlow.Markup", "src\StepFlow.Markup\StepFlow.Markup.csproj", "{918AADD2-8F0D-4ECC-B148-100549B8D687}"
EndProject
Project("{9A19103F-16F7-4668-BE54-9A1E7A4F7556}") = "StepFlow.Intersection", "src\StepFlow.Intersection\StepFlow.Intersection.csproj", "{1D7F2D2C-F779-4ADE-AADB-888D5604B17B}"
EndProject
Project("{FAE04EC0-301F-11D3-BF4B-00C04F79EFBC}") = "StepFlow.Domains", "src\StepFlow.Domains\StepFlow.Domains.csproj", "{A9EF2FC8-99A6-41A9-9EBC-FBB184CE6E1B}"
EndProject
Project("{FAE04EC0-301F-11D3-BF4B-00C04F79EFBC}") = "StepFlow.Intersection.Test", "test\StepFlow.Intersection.Test\StepFlow.Intersection.Test.csproj", "{2EA5DDB5-0B10-4748-AE84-8A444D402110}"
EndProject
Global
	GlobalSection(SolutionConfigurationPlatforms) = preSolution
		Debug|Any CPU = Debug|Any CPU
		Release|Any CPU = Release|Any CPU
	EndGlobalSection
	GlobalSection(ProjectConfigurationPlatforms) = postSolution
		{3FC5446E-6BCE-4D85-9732-C1C4B68CF07C}.Debug|Any CPU.ActiveCfg = Debug|Any CPU
		{3FC5446E-6BCE-4D85-9732-C1C4B68CF07C}.Debug|Any CPU.Build.0 = Debug|Any CPU
		{3FC5446E-6BCE-4D85-9732-C1C4B68CF07C}.Release|Any CPU.ActiveCfg = Release|Any CPU
		{3FC5446E-6BCE-4D85-9732-C1C4B68CF07C}.Release|Any CPU.Build.0 = Release|Any CPU
		{BA277154-A66D-4C10-8E9E-62F7CB5204F7}.Debug|Any CPU.ActiveCfg = Debug|Any CPU
		{BA277154-A66D-4C10-8E9E-62F7CB5204F7}.Debug|Any CPU.Build.0 = Debug|Any CPU
		{BA277154-A66D-4C10-8E9E-62F7CB5204F7}.Release|Any CPU.ActiveCfg = Release|Any CPU
		{BA277154-A66D-4C10-8E9E-62F7CB5204F7}.Release|Any CPU.Build.0 = Release|Any CPU
		{2448598B-C9A1-414D-AA7E-06B9D495E32D}.Debug|Any CPU.ActiveCfg = Debug|Any CPU
		{2448598B-C9A1-414D-AA7E-06B9D495E32D}.Debug|Any CPU.Build.0 = Debug|Any CPU
		{2448598B-C9A1-414D-AA7E-06B9D495E32D}.Release|Any CPU.ActiveCfg = Release|Any CPU
		{2448598B-C9A1-414D-AA7E-06B9D495E32D}.Release|Any CPU.Build.0 = Release|Any CPU
		{4447C12F-CD9A-444A-A847-E436058891FB}.Debug|Any CPU.ActiveCfg = Debug|Any CPU
		{4447C12F-CD9A-444A-A847-E436058891FB}.Debug|Any CPU.Build.0 = Debug|Any CPU
		{4447C12F-CD9A-444A-A847-E436058891FB}.Release|Any CPU.ActiveCfg = Release|Any CPU
		{4447C12F-CD9A-444A-A847-E436058891FB}.Release|Any CPU.Build.0 = Release|Any CPU
		{0C3C9043-DB6E-4B08-B9DB-11C72EFCF86E}.Debug|Any CPU.ActiveCfg = Debug|Any CPU
		{0C3C9043-DB6E-4B08-B9DB-11C72EFCF86E}.Debug|Any CPU.Build.0 = Debug|Any CPU
		{0C3C9043-DB6E-4B08-B9DB-11C72EFCF86E}.Release|Any CPU.ActiveCfg = Release|Any CPU
		{0C3C9043-DB6E-4B08-B9DB-11C72EFCF86E}.Release|Any CPU.Build.0 = Release|Any CPU
		{082DC7A9-71D6-4A4E-A1E9-15DF80D7C7E0}.Debug|Any CPU.ActiveCfg = Debug|Any CPU
		{082DC7A9-71D6-4A4E-A1E9-15DF80D7C7E0}.Debug|Any CPU.Build.0 = Debug|Any CPU
		{082DC7A9-71D6-4A4E-A1E9-15DF80D7C7E0}.Release|Any CPU.ActiveCfg = Release|Any CPU
		{082DC7A9-71D6-4A4E-A1E9-15DF80D7C7E0}.Release|Any CPU.Build.0 = Release|Any CPU
		{1D77BFA1-7DD5-4239-A55F-C748881666D1}.Debug|Any CPU.ActiveCfg = Debug|Any CPU
		{1D77BFA1-7DD5-4239-A55F-C748881666D1}.Debug|Any CPU.Build.0 = Debug|Any CPU
		{1D77BFA1-7DD5-4239-A55F-C748881666D1}.Release|Any CPU.ActiveCfg = Release|Any CPU
		{1D77BFA1-7DD5-4239-A55F-C748881666D1}.Release|Any CPU.Build.0 = Release|Any CPU
		{8D5BDE21-2B1B-4CC4-BDC6-ECD466789F0D}.Debug|Any CPU.ActiveCfg = Debug|Any CPU
		{8D5BDE21-2B1B-4CC4-BDC6-ECD466789F0D}.Debug|Any CPU.Build.0 = Debug|Any CPU
		{8D5BDE21-2B1B-4CC4-BDC6-ECD466789F0D}.Release|Any CPU.ActiveCfg = Release|Any CPU
		{8D5BDE21-2B1B-4CC4-BDC6-ECD466789F0D}.Release|Any CPU.Build.0 = Release|Any CPU
		{918AADD2-8F0D-4ECC-B148-100549B8D687}.Debug|Any CPU.ActiveCfg = Debug|Any CPU
		{918AADD2-8F0D-4ECC-B148-100549B8D687}.Debug|Any CPU.Build.0 = Debug|Any CPU
		{918AADD2-8F0D-4ECC-B148-100549B8D687}.Release|Any CPU.ActiveCfg = Release|Any CPU
		{918AADD2-8F0D-4ECC-B148-100549B8D687}.Release|Any CPU.Build.0 = Release|Any CPU
		{1D7F2D2C-F779-4ADE-AADB-888D5604B17B}.Debug|Any CPU.ActiveCfg = Debug|Any CPU
		{1D7F2D2C-F779-4ADE-AADB-888D5604B17B}.Debug|Any CPU.Build.0 = Debug|Any CPU
		{1D7F2D2C-F779-4ADE-AADB-888D5604B17B}.Release|Any CPU.ActiveCfg = Release|Any CPU
		{1D7F2D2C-F779-4ADE-AADB-888D5604B17B}.Release|Any CPU.Build.0 = Release|Any CPU
		{A9EF2FC8-99A6-41A9-9EBC-FBB184CE6E1B}.Debug|Any CPU.ActiveCfg = Debug|Any CPU
		{A9EF2FC8-99A6-41A9-9EBC-FBB184CE6E1B}.Debug|Any CPU.Build.0 = Debug|Any CPU
		{A9EF2FC8-99A6-41A9-9EBC-FBB184CE6E1B}.Release|Any CPU.ActiveCfg = Release|Any CPU
		{A9EF2FC8-99A6-41A9-9EBC-FBB184CE6E1B}.Release|Any CPU.Build.0 = Release|Any CPU
		{2EA5DDB5-0B10-4748-AE84-8A444D402110}.Debug|Any CPU.ActiveCfg = Debug|Any CPU
		{2EA5DDB5-0B10-4748-AE84-8A444D402110}.Debug|Any CPU.Build.0 = Debug|Any CPU
		{2EA5DDB5-0B10-4748-AE84-8A444D402110}.Release|Any CPU.ActiveCfg = Release|Any CPU
		{2EA5DDB5-0B10-4748-AE84-8A444D402110}.Release|Any CPU.Build.0 = Release|Any CPU
	EndGlobalSection
	GlobalSection(SolutionProperties) = preSolution
		HideSolutionNode = FALSE
	EndGlobalSection
	GlobalSection(NestedProjects) = preSolution
		{3FC5446E-6BCE-4D85-9732-C1C4B68CF07C} = {1F837992-33AA-4744-B791-90BB3FDC2D4E}
		{BA277154-A66D-4C10-8E9E-62F7CB5204F7} = {1F837992-33AA-4744-B791-90BB3FDC2D4E}
		{2448598B-C9A1-414D-AA7E-06B9D495E32D} = {1F837992-33AA-4744-B791-90BB3FDC2D4E}
		{4447C12F-CD9A-444A-A847-E436058891FB} = {1F837992-33AA-4744-B791-90BB3FDC2D4E}
		{0C3C9043-DB6E-4B08-B9DB-11C72EFCF86E} = {1F837992-33AA-4744-B791-90BB3FDC2D4E}
		{082DC7A9-71D6-4A4E-A1E9-15DF80D7C7E0} = {1F837992-33AA-4744-B791-90BB3FDC2D4E}
		{1D77BFA1-7DD5-4239-A55F-C748881666D1} = {1F837992-33AA-4744-B791-90BB3FDC2D4E}
		{8D5BDE21-2B1B-4CC4-BDC6-ECD466789F0D} = {02A612D4-2756-4509-8A1A-02FB900E5C4E}
		{918AADD2-8F0D-4ECC-B148-100549B8D687} = {1F837992-33AA-4744-B791-90BB3FDC2D4E}
		{1D7F2D2C-F779-4ADE-AADB-888D5604B17B} = {1F837992-33AA-4744-B791-90BB3FDC2D4E}
		{A9EF2FC8-99A6-41A9-9EBC-FBB184CE6E1B} = {1F837992-33AA-4744-B791-90BB3FDC2D4E}
		{2EA5DDB5-0B10-4748-AE84-8A444D402110} = {02A612D4-2756-4509-8A1A-02FB900E5C4E}
	EndGlobalSection
	GlobalSection(ExtensibilityGlobals) = postSolution
		SolutionGuid = {52553761-5033-48FA-B06E-D149C927B957}
	EndGlobalSection
EndGlobal
